
Microsoft Visual Studio Solution File, Format Version 12.00
# Visual Studio Version 17
VisualStudioVersion = 17.1.32319.34
MinimumVisualStudioVersion = 10.0.40219.1
Project("{FAE04EC0-301F-11D3-BF4B-00C04F79EFBC}") = "BiciSendas", "BiciSendas\BiciSendas.csproj", "{333B4AD7-1FF6-40E2-9BE2-B2205003243B}"
EndProject
Project("{FAE04EC0-301F-11D3-BF4B-00C04F79EFBC}") = "BiciSendas.BL", "BiciSendas.BL\BiciSendas.BL.csproj", "{CDC265C7-977A-491C-BC77-5246384CD4A2}"
EndProject
Project("{FAE04EC0-301F-11D3-BF4B-00C04F79EFBC}") = "BiciSendas.DA", "BiciSendas.DA\BiciSendas.DA.csproj", "{69C06C9D-95AC-42E9-A7A6-3C27B044801E}"
EndProject
Global
	GlobalSection(SolutionConfigurationPlatforms) = preSolution
		Debug|Any CPU = Debug|Any CPU
		Release|Any CPU = Release|Any CPU
	EndGlobalSection
	GlobalSection(ProjectConfigurationPlatforms) = postSolution
		{333B4AD7-1FF6-40E2-9BE2-B2205003243B}.Debug|Any CPU.ActiveCfg = Debug|Any CPU
		{333B4AD7-1FF6-40E2-9BE2-B2205003243B}.Debug|Any CPU.Build.0 = Debug|Any CPU
		{333B4AD7-1FF6-40E2-9BE2-B2205003243B}.Release|Any CPU.ActiveCfg = Release|Any CPU
		{333B4AD7-1FF6-40E2-9BE2-B2205003243B}.Release|Any CPU.Build.0 = Release|Any CPU
		{CDC265C7-977A-491C-BC77-5246384CD4A2}.Debug|Any CPU.ActiveCfg = Debug|Any CPU
		{CDC265C7-977A-491C-BC77-5246384CD4A2}.Debug|Any CPU.Build.0 = Debug|Any CPU
		{CDC265C7-977A-491C-BC77-5246384CD4A2}.Release|Any CPU.ActiveCfg = Release|Any CPU
		{CDC265C7-977A-491C-BC77-5246384CD4A2}.Release|Any CPU.Build.0 = Release|Any CPU
		{69C06C9D-95AC-42E9-A7A6-3C27B044801E}.Debug|Any CPU.ActiveCfg = Debug|Any CPU
		{69C06C9D-95AC-42E9-A7A6-3C27B044801E}.Debug|Any CPU.Build.0 = Debug|Any CPU
		{69C06C9D-95AC-42E9-A7A6-3C27B044801E}.Release|Any CPU.ActiveCfg = Release|Any CPU
		{69C06C9D-95AC-42E9-A7A6-3C27B044801E}.Release|Any CPU.Build.0 = Release|Any CPU
	EndGlobalSection
	GlobalSection(SolutionProperties) = preSolution
		HideSolutionNode = FALSE
	EndGlobalSection
	GlobalSection(ExtensibilityGlobals) = postSolution
		SolutionGuid = {B851B7BA-1A64-43B8-B592-C72A92C641C4}
	EndGlobalSection
EndGlobal
